
Microsoft Visual Studio Solution File, Format Version 12.00
# Visual Studio Version 16
VisualStudioVersion = 16.0.29411.108
MinimumVisualStudioVersion = 10.0.40219.1
Project("{FAE04EC0-301F-11D3-BF4B-00C04F79EFBC}") = "Solution 1", "Solution 1\Solution 1.csproj", "{24013BCE-9DFB-4AF6-A5D6-5B432C12289D}"
EndProject
Project("{FAE04EC0-301F-11D3-BF4B-00C04F79EFBC}") = "Solution 2", "Solution 2\Solution 2.csproj", "{DD943D8D-37AA-437C-8A2B-B12B36965C3F}"
EndProject
Global
	GlobalSection(SolutionConfigurationPlatforms) = preSolution
		Debug|Any CPU = Debug|Any CPU
		Release|Any CPU = Release|Any CPU
	EndGlobalSection
	GlobalSection(ProjectConfigurationPlatforms) = postSolution
		{24013BCE-9DFB-4AF6-A5D6-5B432C12289D}.Debug|Any CPU.ActiveCfg = Debug|Any CPU
		{24013BCE-9DFB-4AF6-A5D6-5B432C12289D}.Debug|Any CPU.Build.0 = Debug|Any CPU
		{24013BCE-9DFB-4AF6-A5D6-5B432C12289D}.Release|Any CPU.ActiveCfg = Release|Any CPU
		{24013BCE-9DFB-4AF6-A5D6-5B432C12289D}.Release|Any CPU.Build.0 = Release|Any CPU
		{DD943D8D-37AA-437C-8A2B-B12B36965C3F}.Debug|Any CPU.ActiveCfg = Debug|Any CPU
		{DD943D8D-37AA-437C-8A2B-B12B36965C3F}.Debug|Any CPU.Build.0 = Debug|Any CPU
		{DD943D8D-37AA-437C-8A2B-B12B36965C3F}.Release|Any CPU.ActiveCfg = Release|Any CPU
		{DD943D8D-37AA-437C-8A2B-B12B36965C3F}.Release|Any CPU.Build.0 = Release|Any CPU
	EndGlobalSection
	GlobalSection(SolutionProperties) = preSolution
		HideSolutionNode = FALSE
	EndGlobalSection
	GlobalSection(ExtensibilityGlobals) = postSolution
		SolutionGuid = {7092EEE2-77DF-40EF-90F0-CAF4E67017DA}
	EndGlobalSection
EndGlobal
